// !$*UTF8*$!
{
	archiveVersion = 1;
	classes = {
	};
	objectVersion = 46;
	objects = {

/* Begin PBXBuildFile section */
		9C534C491A79808600B2335F /* AppDelegate.swift in Sources */ = {isa = PBXBuildFile; fileRef = 9C534C481A79808600B2335F /* AppDelegate.swift */; };
		9C534C4C1A79808600B2335F /* WVU_Mobile.xcdatamodeld in Sources */ = {isa = PBXBuildFile; fileRef = 9C534C4A1A79808600B2335F /* WVU_Mobile.xcdatamodeld */; };
		9C534C4E1A79808600B2335F /* ViewController.swift in Sources */ = {isa = PBXBuildFile; fileRef = 9C534C4D1A79808600B2335F /* ViewController.swift */; };
		9C534C511A79808600B2335F /* Main.storyboard in Resources */ = {isa = PBXBuildFile; fileRef = 9C534C4F1A79808600B2335F /* Main.storyboard */; };
		9C534C531A79808600B2335F /* Images.xcassets in Resources */ = {isa = PBXBuildFile; fileRef = 9C534C521A79808600B2335F /* Images.xcassets */; };
		9C534C561A79808600B2335F /* LaunchScreen.xib in Resources */ = {isa = PBXBuildFile; fileRef = 9C534C541A79808600B2335F /* LaunchScreen.xib */; };
		9C534C621A79808600B2335F /* WVU_MobileTests.swift in Sources */ = {isa = PBXBuildFile; fileRef = 9C534C611A79808600B2335F /* WVU_MobileTests.swift */; };
/* End PBXBuildFile section */

/* Begin PBXContainerItemProxy section */
		9C534C5C1A79808600B2335F /* PBXContainerItemProxy */ = {
			isa = PBXContainerItemProxy;
			containerPortal = 9C534C3B1A79808600B2335F /* Project object */;
			proxyType = 1;
			remoteGlobalIDString = 9C534C421A79808600B2335F;
			remoteInfo = "WVU Mobile";
		};
/* End PBXContainerItemProxy section */

/* Begin PBXFileReference section */
		9C534C431A79808600B2335F /* WVU Mobile.app */ = {isa = PBXFileReference; explicitFileType = wrapper.application; includeInIndex = 0; path = "WVU Mobile.app"; sourceTree = BUILT_PRODUCTS_DIR; };
		9C534C471A79808600B2335F /* Info.plist */ = {isa = PBXFileReference; lastKnownFileType = text.plist.xml; path = Info.plist; sourceTree = "<group>"; };
		9C534C481A79808600B2335F /* AppDelegate.swift */ = {isa = PBXFileReference; lastKnownFileType = sourcecode.swift; path = AppDelegate.swift; sourceTree = "<group>"; };
		9C534C4B1A79808600B2335F /* WVU_Mobile.xcdatamodel */ = {isa = PBXFileReference; lastKnownFileType = wrapper.xcdatamodel; path = WVU_Mobile.xcdatamodel; sourceTree = "<group>"; };
		9C534C4D1A79808600B2335F /* ViewController.swift */ = {isa = PBXFileReference; lastKnownFileType = sourcecode.swift; path = ViewController.swift; sourceTree = "<group>"; };
		9C534C501A79808600B2335F /* Base */ = {isa = PBXFileReference; lastKnownFileType = file.storyboard; name = Base; path = Base.lproj/Main.storyboard; sourceTree = "<group>"; };
		9C534C521A79808600B2335F /* Images.xcassets */ = {isa = PBXFileReference; lastKnownFileType = folder.assetcatalog; path = Images.xcassets; sourceTree = "<group>"; };
		9C534C551A79808600B2335F /* Base */ = {isa = PBXFileReference; lastKnownFileType = file.xib; name = Base; path = Base.lproj/LaunchScreen.xib; sourceTree = "<group>"; };
		9C534C5B1A79808600B2335F /* WVU MobileTests.xctest */ = {isa = PBXFileReference; explicitFileType = wrapper.cfbundle; includeInIndex = 0; path = "WVU MobileTests.xctest"; sourceTree = BUILT_PRODUCTS_DIR; };
		9C534C601A79808600B2335F /* Info.plist */ = {isa = PBXFileReference; lastKnownFileType = text.plist.xml; path = Info.plist; sourceTree = "<group>"; };
		9C534C611A79808600B2335F /* WVU_MobileTests.swift */ = {isa = PBXFileReference; lastKnownFileType = sourcecode.swift; path = WVU_MobileTests.swift; sourceTree = "<group>"; };
/* End PBXFileReference section */

/* Begin PBXFrameworksBuildPhase section */
		9C534C401A79808600B2335F /* Frameworks */ = {
			isa = PBXFrameworksBuildPhase;
			buildActionMask = 2147483647;
			files = (
			);
			runOnlyForDeploymentPostprocessing = 0;
		};
		9C534C581A79808600B2335F /* Frameworks */ = {
			isa = PBXFrameworksBuildPhase;
			buildActionMask = 2147483647;
			files = (
			);
			runOnlyForDeploymentPostprocessing = 0;
		};
/* End PBXFrameworksBuildPhase section */

/* Begin PBXGroup section */
		9C534C3A1A79808600B2335F = {
			isa = PBXGroup;
			children = (
				9C534C451A79808600B2335F /* WVU Mobile */,
				9C534C5E1A79808600B2335F /* WVU MobileTests */,
				9C534C441A79808600B2335F /* Products */,
			);
			sourceTree = "<group>";
		};
		9C534C441A79808600B2335F /* Products */ = {
			isa = PBXGroup;
			children = (
				9C534C431A79808600B2335F /* WVU Mobile.app */,
				9C534C5B1A79808600B2335F /* WVU MobileTests.xctest */,
			);
			name = Products;
			sourceTree = "<group>";
		};
		9C534C451A79808600B2335F /* WVU Mobile */ = {
			isa = PBXGroup;
			children = (
				9C534C481A79808600B2335F /* AppDelegate.swift */,
				9C534C4D1A79808600B2335F /* ViewController.swift */,
				9C534C4F1A79808600B2335F /* Main.storyboard */,
				9C534C521A79808600B2335F /* Images.xcassets */,
				9C534C541A79808600B2335F /* LaunchScreen.xib */,
				9C534C4A1A79808600B2335F /* WVU_Mobile.xcdatamodeld */,
				9C534C461A79808600B2335F /* Supporting Files */,
			);
			path = "WVU Mobile";
			sourceTree = "<group>";
		};
		9C534C461A79808600B2335F /* Supporting Files */ = {
			isa = PBXGroup;
			children = (
				9C534C471A79808600B2335F /* Info.plist */,
			);
			name = "Supporting Files";
			sourceTree = "<group>";
		};
		9C534C5E1A79808600B2335F /* WVU MobileTests */ = {
			isa = PBXGroup;
			children = (
				9C534C611A79808600B2335F /* WVU_MobileTests.swift */,
				9C534C5F1A79808600B2335F /* Supporting Files */,
			);
			path = "WVU MobileTests";
			sourceTree = "<group>";
		};
		9C534C5F1A79808600B2335F /* Supporting Files */ = {
			isa = PBXGroup;
			children = (
				9C534C601A79808600B2335F /* Info.plist */,
			);
			name = "Supporting Files";
			sourceTree = "<group>";
		};
/* End PBXGroup section */

/* Begin PBXNativeTarget section */
		9C534C421A79808600B2335F /* WVU Mobile */ = {
			isa = PBXNativeTarget;
			buildConfigurationList = 9C534C651A79808600B2335F /* Build configuration list for PBXNativeTarget "WVU Mobile" */;
			buildPhases = (
				9C534C3F1A79808600B2335F /* Sources */,
				9C534C401A79808600B2335F /* Frameworks */,
				9C534C411A79808600B2335F /* Resources */,
			);
			buildRules = (
			);
			dependencies = (
			);
			name = "WVU Mobile";
			productName = "WVU Mobile";
			productReference = 9C534C431A79808600B2335F /* WVU Mobile.app */;
			productType = "com.apple.product-type.application";
		};
		9C534C5A1A79808600B2335F /* WVU MobileTests */ = {
			isa = PBXNativeTarget;
			buildConfigurationList = 9C534C681A79808600B2335F /* Build configuration list for PBXNativeTarget "WVU MobileTests" */;
			buildPhases = (
				9C534C571A79808600B2335F /* Sources */,
				9C534C581A79808600B2335F /* Frameworks */,
				9C534C591A79808600B2335F /* Resources */,
			);
			buildRules = (
			);
			dependencies = (
				9C534C5D1A79808600B2335F /* PBXTargetDependency */,
			);
			name = "WVU MobileTests";
			productName = "WVU MobileTests";
			productReference = 9C534C5B1A79808600B2335F /* WVU MobileTests.xctest */;
			productType = "com.apple.product-type.bundle.unit-test";
		};
/* End PBXNativeTarget section */

/* Begin PBXProject section */
		9C534C3B1A79808600B2335F /* Project object */ = {
			isa = PBXProject;
			attributes = {
				LastUpgradeCheck = 0610;
				ORGANIZATIONNAME = WVUMobile;
				TargetAttributes = {
					9C534C421A79808600B2335F = {
						CreatedOnToolsVersion = 6.1.1;
					};
					9C534C5A1A79808600B2335F = {
						CreatedOnToolsVersion = 6.1.1;
						TestTargetID = 9C534C421A79808600B2335F;
					};
				};
			};
			buildConfigurationList = 9C534C3E1A79808600B2335F /* Build configuration list for PBXProject "WVU Mobile" */;
			compatibilityVersion = "Xcode 3.2";
			developmentRegion = English;
			hasScannedForEncodings = 0;
			knownRegions = (
				en,
				Base,
			);
			mainGroup = 9C534C3A1A79808600B2335F;
			productRefGroup = 9C534C441A79808600B2335F /* Products */;
			projectDirPath = "";
			projectRoot = "";
			targets = (
				9C534C421A79808600B2335F /* WVU Mobile */,
				9C534C5A1A79808600B2335F /* WVU MobileTests */,
			);
		};
/* End PBXProject section */

/* Begin PBXResourcesBuildPhase section */
		9C534C411A79808600B2335F /* Resources */ = {
			isa = PBXResourcesBuildPhase;
			buildActionMask = 2147483647;
			files = (
				9C534C511A79808600B2335F /* Main.storyboard in Resources */,
				9C534C561A79808600B2335F /* LaunchScreen.xib in Resources */,
				9C534C531A79808600B2335F /* Images.xcassets in Resources */,
			);
			runOnlyForDeploymentPostprocessing = 0;
		};
		9C534C591A79808600B2335F /* Resources */ = {
			isa = PBXResourcesBuildPhase;
			buildActionMask = 2147483647;
			files = (
			);
			runOnlyForDeploymentPostprocessing = 0;
		};
/* End PBXResourcesBuildPhase section */

/* Begin PBXSourcesBuildPhase section */
		9C534C3F1A79808600B2335F /* Sources */ = {
			isa = PBXSourcesBuildPhase;
			buildActionMask = 2147483647;
			files = (
				9C534C4E1A79808600B2335F /* ViewController.swift in Sources */,
				9C534C4C1A79808600B2335F /* WVU_Mobile.xcdatamodeld in Sources */,
				9C534C491A79808600B2335F /* AppDelegate.swift in Sources */,
			);
			runOnlyForDeploymentPostprocessing = 0;
		};
		9C534C571A79808600B2335F /* Sources */ = {
			isa = PBXSourcesBuildPhase;
			buildActionMask = 2147483647;
			files = (
				9C534C621A79808600B2335F /* WVU_MobileTests.swift in Sources */,
			);
			runOnlyForDeploymentPostprocessing = 0;
		};
/* End PBXSourcesBuildPhase section */

/* Begin PBXTargetDependency section */
		9C534C5D1A79808600B2335F /* PBXTargetDependency */ = {
			isa = PBXTargetDependency;
			target = 9C534C421A79808600B2335F /* WVU Mobile */;
			targetProxy = 9C534C5C1A79808600B2335F /* PBXContainerItemProxy */;
		};
/* End PBXTargetDependency section */

/* Begin PBXVariantGroup section */
		9C534C4F1A79808600B2335F /* Main.storyboard */ = {
			isa = PBXVariantGroup;
			children = (
				9C534C501A79808600B2335F /* Base */,
			);
			name = Main.storyboard;
			sourceTree = "<group>";
		};
		9C534C541A79808600B2335F /* LaunchScreen.xib */ = {
			isa = PBXVariantGroup;
			children = (
				9C534C551A79808600B2335F /* Base */,
			);
			name = LaunchScreen.xib;
			sourceTree = "<group>";
		};
/* End PBXVariantGroup section */

/* Begin XCBuildConfiguration section */
		9C534C631A79808600B2335F /* Debug */ = {
			isa = XCBuildConfiguration;
			buildSettings = {
				ALWAYS_SEARCH_USER_PATHS = NO;
				CLANG_CXX_LANGUAGE_STANDARD = "gnu++0x";
				CLANG_CXX_LIBRARY = "libc++";
				CLANG_ENABLE_MODULES = YES;
				CLANG_ENABLE_OBJC_ARC = YES;
				CLANG_WARN_BOOL_CONVERSION = YES;
				CLANG_WARN_CONSTANT_CONVERSION = YES;
				CLANG_WARN_DIRECT_OBJC_ISA_USAGE = YES_ERROR;
				CLANG_WARN_EMPTY_BODY = YES;
				CLANG_WARN_ENUM_CONVERSION = YES;
				CLANG_WARN_INT_CONVERSION = YES;
				CLANG_WARN_OBJC_ROOT_CLASS = YES_ERROR;
				CLANG_WARN_UNREACHABLE_CODE = YES;
				CLANG_WARN__DUPLICATE_METHOD_MATCH = YES;
				"CODE_SIGN_IDENTITY[sdk=iphoneos*]" = "iPhone Developer";
				COPY_PHASE_STRIP = NO;
				ENABLE_STRICT_OBJC_MSGSEND = YES;
				GCC_C_LANGUAGE_STANDARD = gnu99;
				GCC_DYNAMIC_NO_PIC = NO;
				GCC_OPTIMIZATION_LEVEL = 0;
				GCC_PREPROCESSOR_DEFINITIONS = (
					"DEBUG=1",
					"$(inherited)",
				);
				GCC_SYMBOLS_PRIVATE_EXTERN = NO;
				GCC_WARN_64_TO_32_BIT_CONVERSION = YES;
				GCC_WARN_ABOUT_RETURN_TYPE = YES_ERROR;
				GCC_WARN_UNDECLARED_SELECTOR = YES;
				GCC_WARN_UNINITIALIZED_AUTOS = YES_AGGRESSIVE;
				GCC_WARN_UNUSED_FUNCTION = YES;
				GCC_WARN_UNUSED_VARIABLE = YES;
				IPHONEOS_DEPLOYMENT_TARGET = 8.1;
				MTL_ENABLE_DEBUG_INFO = YES;
				ONLY_ACTIVE_ARCH = YES;
				SDKROOT = iphoneos;
				SWIFT_OPTIMIZATION_LEVEL = "-Onone";
				TARGETED_DEVICE_FAMILY = "1,2";
			};
			name = Debug;
		};
		9C534C641A79808600B2335F /* Release */ = {
			isa = XCBuildConfiguration;
			buildSettings = {
				ALWAYS_SEARCH_USER_PATHS = NO;
				CLANG_CXX_LANGUAGE_STANDARD = "gnu++0x";
				CLANG_CXX_LIBRARY = "libc++";
				CLANG_ENABLE_MODULES = YES;
				CLANG_ENABLE_OBJC_ARC = YES;
				CLANG_WARN_BOOL_CONVERSION = YES;
				CLANG_WARN_CONSTANT_CONVERSION = YES;
				CLANG_WARN_DIRECT_OBJC_ISA_USAGE = YES_ERROR;
				CLANG_WARN_EMPTY_BODY = YES;
				CLANG_WARN_ENUM_CONVERSION = YES;
				CLANG_WARN_INT_CONVERSION = YES;
				CLANG_WARN_OBJC_ROOT_CLASS = YES_ERROR;
				CLANG_WARN_UNREACHABLE_CODE = YES;
				CLANG_WARN__DUPLICATE_METHOD_MATCH = YES;
				"CODE_SIGN_IDENTITY[sdk=iphoneos*]" = "iPhone Developer";
				COPY_PHASE_STRIP = YES;
				ENABLE_NS_ASSERTIONS = NO;
				ENABLE_STRICT_OBJC_MSGSEND = YES;
				GCC_C_LANGUAGE_STANDARD = gnu99;
				GCC_WARN_64_TO_32_BIT_CONVERSION = YES;
				GCC_WARN_ABOUT_RETURN_TYPE = YES_ERROR;
				GCC_WARN_UNDECLARED_SELECTOR = YES;
				GCC_WARN_UNINITIALIZED_AUTOS = YES_AGGRESSIVE;
				GCC_WARN_UNUSED_FUNCTION = YES;
				GCC_WARN_UNUSED_VARIABLE = YES;
				IPHONEOS_DEPLOYMENT_TARGET = 8.1;
				MTL_ENABLE_DEBUG_INFO = NO;
				SDKROOT = iphoneos;
				TARGETED_DEVICE_FAMILY = "1,2";
				VALIDATE_PRODUCT = YES;
			};
			name = Release;
		};
		9C534C661A79808600B2335F /* Debug */ = {
			isa = XCBuildConfiguration;
			buildSettings = {
				ASSETCATALOG_COMPILER_APPICON_NAME = AppIcon;
				INFOPLIST_FILE = "WVU Mobile/Info.plist";
				LD_RUNPATH_SEARCH_PATHS = "$(inherited) @executable_path/Frameworks";
				PRODUCT_NAME = "$(TARGET_NAME)";
			};
			name = Debug;
		};
		9C534C671A79808600B2335F /* Release */ = {
			isa = XCBuildConfiguration;
			buildSettings = {
				ASSETCATALOG_COMPILER_APPICON_NAME = AppIcon;
				INFOPLIST_FILE = "WVU Mobile/Info.plist";
				LD_RUNPATH_SEARCH_PATHS = "$(inherited) @executable_path/Frameworks";
				PRODUCT_NAME = "$(TARGET_NAME)";
			};
			name = Release;
		};
		9C534C691A79808600B2335F /* Debug */ = {
			isa = XCBuildConfiguration;
			buildSettings = {
				BUNDLE_LOADER = "$(TEST_HOST)";
				FRAMEWORK_SEARCH_PATHS = (
					"$(SDKROOT)/Developer/Library/Frameworks",
					"$(inherited)",
				);
				GCC_PREPROCESSOR_DEFINITIONS = (
					"DEBUG=1",
					"$(inherited)",
				);
				INFOPLIST_FILE = "WVU MobileTests/Info.plist";
				LD_RUNPATH_SEARCH_PATHS = "$(inherited) @executable_path/Frameworks @loader_path/Frameworks";
				PRODUCT_NAME = "$(TARGET_NAME)";
				TEST_HOST = "$(BUILT_PRODUCTS_DIR)/WVU Mobile.app/WVU Mobile";
			};
			name = Debug;
		};
		9C534C6A1A79808600B2335F /* Release */ = {
			isa = XCBuildConfiguration;
			buildSettings = {
				BUNDLE_LOADER = "$(TEST_HOST)";
				FRAMEWORK_SEARCH_PATHS = (
					"$(SDKROOT)/Developer/Library/Frameworks",
					"$(inherited)",
				);
				INFOPLIST_FILE = "WVU MobileTests/Info.plist";
				LD_RUNPATH_SEARCH_PATHS = "$(inherited) @executable_path/Frameworks @loader_path/Frameworks";
				PRODUCT_NAME = "$(TARGET_NAME)";
				TEST_HOST = "$(BUILT_PRODUCTS_DIR)/WVU Mobile.app/WVU Mobile";
			};
			name = Release;
		};
/* End XCBuildConfiguration section */

/* Begin XCConfigurationList section */
		9C534C3E1A79808600B2335F /* Build configuration list for PBXProject "WVU Mobile" */ = {
			isa = XCConfigurationList;
			buildConfigurations = (
				9C534C631A79808600B2335F /* Debug */,
				9C534C641A79808600B2335F /* Release */,
			);
			defaultConfigurationIsVisible = 0;
			defaultConfigurationName = Release;
		};
		9C534C651A79808600B2335F /* Build configuration list for PBXNativeTarget "WVU Mobile" */ = {
			isa = XCConfigurationList;
			buildConfigurations = (
				9C534C661A79808600B2335F /* Debug */,
				9C534C671A79808600B2335F /* Release */,
			);
			defaultConfigurationIsVisible = 0;
		};
		9C534C681A79808600B2335F /* Build configuration list for PBXNativeTarget "WVU MobileTests" */ = {
			isa = XCConfigurationList;
			buildConfigurations = (
				9C534C691A79808600B2335F /* Debug */,
				9C534C6A1A79808600B2335F /* Release */,
			);
			defaultConfigurationIsVisible = 0;
		};
/* End XCConfigurationList section */

/* Begin XCVersionGroup section */
		9C534C4A1A79808600B2335F /* WVU_Mobile.xcdatamodeld */ = {
			isa = XCVersionGroup;
			children = (
				9C534C4B1A79808600B2335F /* WVU_Mobile.xcdatamodel */,
			);
			currentVersion = 9C534C4B1A79808600B2335F /* WVU_Mobile.xcdatamodel */;
			path = WVU_Mobile.xcdatamodeld;
			sourceTree = "<group>";
			versionGroupType = wrapper.xcdatamodel;
		};
/* End XCVersionGroup section */
	};
	rootObject = 9C534C3B1A79808600B2335F /* Project object */;
}
