// !$*UTF8*$!
{
	archiveVersion = 1;
	classes = {
	};
	objectVersion = 46;
	objects = {

/* Begin PBXBuildFile section */
		44033CE11A7C3C9B0007C0CE /* MenuViewController.swift in Sources */ = {isa = PBXBuildFile; fileRef = 44033CE01A7C3C9B0007C0CE /* MenuViewController.swift */; };
		440AF29B1AA69753006C30D4 /* RSSParser.swift in Sources */ = {isa = PBXBuildFile; fileRef = 440AF29A1AA69753006C30D4 /* RSSParser.swift */; };
		440AF29D1AA699EB006C30D4 /* NewFeedViewController.swift in Sources */ = {isa = PBXBuildFile; fileRef = 440AF29C1AA699EB006C30D4 /* NewFeedViewController.swift */; };
		440AF29F1AA69A73006C30D4 /* FeedPageViewController.swift in Sources */ = {isa = PBXBuildFile; fileRef = 440AF29E1AA69A73006C30D4 /* FeedPageViewController.swift */; };
		440AF2A11AA69A92006C30D4 /* FeedWebPageViewController.swift in Sources */ = {isa = PBXBuildFile; fileRef = 440AF2A01AA69A92006C30D4 /* FeedWebPageViewController.swift */; };
		4411615B1A968A7D0034D101 /* DiningJSON.swift in Sources */ = {isa = PBXBuildFile; fileRef = 4411615A1A968A7D0034D101 /* DiningJSON.swift */; };
		441F2FB01A9FA79A00974A15 /* CafeEvansdaleVC.swift in Sources */ = {isa = PBXBuildFile; fileRef = 441F2FAF1A9FA79A00974A15 /* CafeEvansdaleVC.swift */; };
		441F2FB21A9FA7C200974A15 /* SummitCafeVC.swift in Sources */ = {isa = PBXBuildFile; fileRef = 441F2FB11A9FA7C200974A15 /* SummitCafeVC.swift */; };
		441F2FB41A9FA7D100974A15 /* ArnoldsDinerVC.swift in Sources */ = {isa = PBXBuildFile; fileRef = 441F2FB31A9FA7D100974A15 /* ArnoldsDinerVC.swift */; };
		441F2FB61A9FA7E000974A15 /* BoremanBistroVC.swift in Sources */ = {isa = PBXBuildFile; fileRef = 441F2FB51A9FA7E000974A15 /* BoremanBistroVC.swift */; };
		441F2FB81A9FA7F500974A15 /* TerraceRoomVC.swift in Sources */ = {isa = PBXBuildFile; fileRef = 441F2FB71A9FA7F500974A15 /* TerraceRoomVC.swift */; };
		441F2FBA1A9FA7FF00974A15 /* HatfieldsVC.swift in Sources */ = {isa = PBXBuildFile; fileRef = 441F2FB91A9FA7FF00974A15 /* HatfieldsVC.swift */; };
		442868B91A965A6900B59686 /* stop.png in Resources */ = {isa = PBXBuildFile; fileRef = 442868B81A965A6900B59686 /* stop.png */; };
		443054FF1AAE0562002419EC /* EventObject.swift in Sources */ = {isa = PBXBuildFile; fileRef = 443054FE1AAE0562002419EC /* EventObject.swift */; };
		443055021AAE0925002419EC /* Events.swift in Sources */ = {isa = PBXBuildFile; fileRef = 443055011AAE0925002419EC /* Events.swift */; };
		443AA7121A96459C008C99C2 /* check.png in Resources */ = {isa = PBXBuildFile; fileRef = 443AA7111A96459C008C99C2 /* check.png */; };
		443AA7141A964DE6008C99C2 /* yield.png in Resources */ = {isa = PBXBuildFile; fileRef = 443AA7131A964DE6008C99C2 /* yield.png */; };
		4445A05C1A82C4DE00D5C97B /* UIColors.swift in Sources */ = {isa = PBXBuildFile; fileRef = 4445A05B1A82C4DE00D5C97B /* UIColors.swift */; };
		444618361A8AE159004BDF55 /* launch.jpg in Resources */ = {isa = PBXBuildFile; fileRef = 444618351A8AE159004BDF55 /* launch.jpg */; };
		444618381A8AEC14004BDF55 /* PRTJSON.swift in Sources */ = {isa = PBXBuildFile; fileRef = 444618371A8AEC14004BDF55 /* PRTJSON.swift */; };
		4446183A1A8AF36F004BDF55 /* boreman.jpg in Resources */ = {isa = PBXBuildFile; fileRef = 444618391A8AF36F004BDF55 /* boreman.jpg */; };
		4446183C1A8AF6DC004BDF55 /* evansdale.jpg in Resources */ = {isa = PBXBuildFile; fileRef = 4446183B1A8AF6DC004BDF55 /* evansdale.jpg */; };
		4458436F1AB2156600193073 /* EventDateSelector.swift in Sources */ = {isa = PBXBuildFile; fileRef = 4458436E1AB2156600193073 /* EventDateSelector.swift */; };
		447D9E491A831A0F0070C240 /* DiningViewController.swift in Sources */ = {isa = PBXBuildFile; fileRef = 447D9E481A831A0F0070C240 /* DiningViewController.swift */; };
		447D9E4B1A8320E10070C240 /* CenterViewController.swift in Sources */ = {isa = PBXBuildFile; fileRef = 447D9E4A1A8320E10070C240 /* CenterViewController.swift */; };
		447D9E4F1A8323530070C240 /* BusesViewController.swift in Sources */ = {isa = PBXBuildFile; fileRef = 447D9E4E1A8323530070C240 /* BusesViewController.swift */; };
		447D9E511A83237F0070C240 /* SportsViewController.swift in Sources */ = {isa = PBXBuildFile; fileRef = 447D9E501A83237F0070C240 /* SportsViewController.swift */; };
		447D9E531A8323870070C240 /* MapsViewController.swift in Sources */ = {isa = PBXBuildFile; fileRef = 447D9E521A8323870070C240 /* MapsViewController.swift */; };
		447D9E551A8323A20070C240 /* EventsViewController.swift in Sources */ = {isa = PBXBuildFile; fileRef = 447D9E541A8323A20070C240 /* EventsViewController.swift */; };
		447D9E571A8324970070C240 /* NewsViewController.swift in Sources */ = {isa = PBXBuildFile; fileRef = 447D9E561A8324970070C240 /* NewsViewController.swift */; };
		44879CD41A7D609A00A30EDF /* ViewController.swift in Sources */ = {isa = PBXBuildFile; fileRef = 44879CD31A7D609A00A30EDF /* ViewController.swift */; };
		4497F3881AB2705A005C2742 /* EventPageVC.swift in Sources */ = {isa = PBXBuildFile; fileRef = 4497F3871AB2705A005C2742 /* EventPageVC.swift */; };
		44C6CAF21AAB5CAA00591766 /* woodburn.jpg in Resources */ = {isa = PBXBuildFile; fileRef = 44C6CAF11AAB5CAA00591766 /* woodburn.jpg */; };
		44EB63571A97C02F00B24465 /* PRTTableViewController.swift in Sources */ = {isa = PBXBuildFile; fileRef = 44EB63561A97C02F00B24465 /* PRTTableViewController.swift */; };
		44FCDBEE1A9915150091050A /* DiningHallVC.swift in Sources */ = {isa = PBXBuildFile; fileRef = 44FCDBED1A9915150091050A /* DiningHallVC.swift */; };
		9C534C491A79808600B2335F /* AppDelegate.swift in Sources */ = {isa = PBXBuildFile; fileRef = 9C534C481A79808600B2335F /* AppDelegate.swift */; };
		9C534C4E1A79808600B2335F /* HomeViewController.swift in Sources */ = {isa = PBXBuildFile; fileRef = 9C534C4D1A79808600B2335F /* HomeViewController.swift */; };
		9C534C511A79808600B2335F /* Main.storyboard in Resources */ = {isa = PBXBuildFile; fileRef = 9C534C4F1A79808600B2335F /* Main.storyboard */; };
		9C534C531A79808600B2335F /* Images.xcassets in Resources */ = {isa = PBXBuildFile; fileRef = 9C534C521A79808600B2335F /* Images.xcassets */; };
		9C534C561A79808600B2335F /* LaunchScreen.xib in Resources */ = {isa = PBXBuildFile; fileRef = 9C534C541A79808600B2335F /* LaunchScreen.xib */; };
		9C534C621A79808600B2335F /* WVU_MobileTests.swift in Sources */ = {isa = PBXBuildFile; fileRef = 9C534C611A79808600B2335F /* WVU_MobileTests.swift */; };
		9C534C701A79876500B2335F /* Hamburger.swift in Sources */ = {isa = PBXBuildFile; fileRef = 9C534C6C1A79876500B2335F /* Hamburger.swift */; };
		9C534C711A79876500B2335F /* DrawerBarButtonItem.swift in Sources */ = {isa = PBXBuildFile; fileRef = 9C534C6D1A79876500B2335F /* DrawerBarButtonItem.swift */; };
		9C534C721A79876500B2335F /* DrawerController.swift in Sources */ = {isa = PBXBuildFile; fileRef = 9C534C6E1A79876500B2335F /* DrawerController.swift */; };
		9C534C731A79876500B2335F /* DrawerVisualState.swift in Sources */ = {isa = PBXBuildFile; fileRef = 9C534C6F1A79876500B2335F /* DrawerVisualState.swift */; };
/* End PBXBuildFile section */

/* Begin PBXContainerItemProxy section */
		9C534C5C1A79808600B2335F /* PBXContainerItemProxy */ = {
			isa = PBXContainerItemProxy;
			containerPortal = 9C534C3B1A79808600B2335F /* Project object */;
			proxyType = 1;
			remoteGlobalIDString = 9C534C421A79808600B2335F;
			remoteInfo = "WVU Mobile";
		};
/* End PBXContainerItemProxy section */

/* Begin PBXFileReference section */
		44033CE01A7C3C9B0007C0CE /* MenuViewController.swift */ = {isa = PBXFileReference; fileEncoding = 4; lastKnownFileType = sourcecode.swift; name = MenuViewController.swift; path = ../MenuViewController.swift; sourceTree = "<group>"; };
		440AF29A1AA69753006C30D4 /* RSSParser.swift */ = {isa = PBXFileReference; fileEncoding = 4; lastKnownFileType = sourcecode.swift; path = RSSParser.swift; sourceTree = "<group>"; };
		440AF29C1AA699EB006C30D4 /* NewFeedViewController.swift */ = {isa = PBXFileReference; fileEncoding = 4; lastKnownFileType = sourcecode.swift; name = NewFeedViewController.swift; path = ../NewFeedViewController.swift; sourceTree = "<group>"; };
		440AF29E1AA69A73006C30D4 /* FeedPageViewController.swift */ = {isa = PBXFileReference; fileEncoding = 4; lastKnownFileType = sourcecode.swift; name = FeedPageViewController.swift; path = ../FeedPageViewController.swift; sourceTree = "<group>"; };
		440AF2A01AA69A92006C30D4 /* FeedWebPageViewController.swift */ = {isa = PBXFileReference; fileEncoding = 4; lastKnownFileType = sourcecode.swift; name = FeedWebPageViewController.swift; path = ../FeedWebPageViewController.swift; sourceTree = "<group>"; };
		4411615A1A968A7D0034D101 /* DiningJSON.swift */ = {isa = PBXFileReference; fileEncoding = 4; lastKnownFileType = sourcecode.swift; name = DiningJSON.swift; path = ../DiningJSON.swift; sourceTree = "<group>"; };
		441F2FAF1A9FA79A00974A15 /* CafeEvansdaleVC.swift */ = {isa = PBXFileReference; fileEncoding = 4; lastKnownFileType = sourcecode.swift; path = CafeEvansdaleVC.swift; sourceTree = "<group>"; };
		441F2FB11A9FA7C200974A15 /* SummitCafeVC.swift */ = {isa = PBXFileReference; fileEncoding = 4; lastKnownFileType = sourcecode.swift; path = SummitCafeVC.swift; sourceTree = "<group>"; };
		441F2FB31A9FA7D100974A15 /* ArnoldsDinerVC.swift */ = {isa = PBXFileReference; fileEncoding = 4; lastKnownFileType = sourcecode.swift; path = ArnoldsDinerVC.swift; sourceTree = "<group>"; };
		441F2FB51A9FA7E000974A15 /* BoremanBistroVC.swift */ = {isa = PBXFileReference; fileEncoding = 4; lastKnownFileType = sourcecode.swift; path = BoremanBistroVC.swift; sourceTree = "<group>"; };
		441F2FB71A9FA7F500974A15 /* TerraceRoomVC.swift */ = {isa = PBXFileReference; fileEncoding = 4; lastKnownFileType = sourcecode.swift; path = TerraceRoomVC.swift; sourceTree = "<group>"; };
		441F2FB91A9FA7FF00974A15 /* HatfieldsVC.swift */ = {isa = PBXFileReference; fileEncoding = 4; lastKnownFileType = sourcecode.swift; path = HatfieldsVC.swift; sourceTree = "<group>"; };
		442868B81A965A6900B59686 /* stop.png */ = {isa = PBXFileReference; lastKnownFileType = image.png; path = stop.png; sourceTree = "<group>"; };
		443054FE1AAE0562002419EC /* EventObject.swift */ = {isa = PBXFileReference; fileEncoding = 4; lastKnownFileType = sourcecode.swift; path = EventObject.swift; sourceTree = "<group>"; };
		443055011AAE0925002419EC /* Events.swift */ = {isa = PBXFileReference; fileEncoding = 4; lastKnownFileType = sourcecode.swift; path = Events.swift; sourceTree = "<group>"; };
		443AA7111A96459C008C99C2 /* check.png */ = {isa = PBXFileReference; lastKnownFileType = image.png; path = check.png; sourceTree = "<group>"; };
		443AA7131A964DE6008C99C2 /* yield.png */ = {isa = PBXFileReference; lastKnownFileType = image.png; path = yield.png; sourceTree = "<group>"; };
		4445A05B1A82C4DE00D5C97B /* UIColors.swift */ = {isa = PBXFileReference; fileEncoding = 4; lastKnownFileType = sourcecode.swift; name = UIColors.swift; path = DrawerController/UIColors.swift; sourceTree = "<group>"; };
		444618351A8AE159004BDF55 /* launch.jpg */ = {isa = PBXFileReference; lastKnownFileType = image.jpeg; path = launch.jpg; sourceTree = "<group>"; };
		444618371A8AEC14004BDF55 /* PRTJSON.swift */ = {isa = PBXFileReference; fileEncoding = 4; lastKnownFileType = sourcecode.swift; name = PRTJSON.swift; path = DrawerController/PRTJSON.swift; sourceTree = "<group>"; };
		444618391A8AF36F004BDF55 /* boreman.jpg */ = {isa = PBXFileReference; lastKnownFileType = image.jpeg; path = boreman.jpg; sourceTree = "<group>"; };
		4446183B1A8AF6DC004BDF55 /* evansdale.jpg */ = {isa = PBXFileReference; lastKnownFileType = image.jpeg; path = evansdale.jpg; sourceTree = "<group>"; };
		4458436E1AB2156600193073 /* EventDateSelector.swift */ = {isa = PBXFileReference; fileEncoding = 4; lastKnownFileType = sourcecode.swift; path = EventDateSelector.swift; sourceTree = "<group>"; };
		447D9E481A831A0F0070C240 /* DiningViewController.swift */ = {isa = PBXFileReference; fileEncoding = 4; lastKnownFileType = sourcecode.swift; path = DiningViewController.swift; sourceTree = "<group>"; };
		447D9E4A1A8320E10070C240 /* CenterViewController.swift */ = {isa = PBXFileReference; fileEncoding = 4; lastKnownFileType = sourcecode.swift; path = CenterViewController.swift; sourceTree = "<group>"; };
		447D9E4E1A8323530070C240 /* BusesViewController.swift */ = {isa = PBXFileReference; fileEncoding = 4; lastKnownFileType = sourcecode.swift; path = BusesViewController.swift; sourceTree = "<group>"; };
		447D9E501A83237F0070C240 /* SportsViewController.swift */ = {isa = PBXFileReference; fileEncoding = 4; lastKnownFileType = sourcecode.swift; path = SportsViewController.swift; sourceTree = "<group>"; };
		447D9E521A8323870070C240 /* MapsViewController.swift */ = {isa = PBXFileReference; fileEncoding = 4; lastKnownFileType = sourcecode.swift; path = MapsViewController.swift; sourceTree = "<group>"; };
		447D9E541A8323A20070C240 /* EventsViewController.swift */ = {isa = PBXFileReference; fileEncoding = 4; lastKnownFileType = sourcecode.swift; name = EventsViewController.swift; path = DrawerController/EventsViewController.swift; sourceTree = "<group>"; };
		447D9E561A8324970070C240 /* NewsViewController.swift */ = {isa = PBXFileReference; fileEncoding = 4; lastKnownFileType = sourcecode.swift; path = NewsViewController.swift; sourceTree = "<group>"; };
		44879CD31A7D609A00A30EDF /* ViewController.swift */ = {isa = PBXFileReference; fileEncoding = 4; lastKnownFileType = sourcecode.swift; name = ViewController.swift; path = ../ViewController.swift; sourceTree = "<group>"; };
		4497F3871AB2705A005C2742 /* EventPageVC.swift */ = {isa = PBXFileReference; fileEncoding = 4; lastKnownFileType = sourcecode.swift; name = EventPageVC.swift; path = DrawerController/EventPageVC.swift; sourceTree = "<group>"; };
		44C6CAF11AAB5CAA00591766 /* woodburn.jpg */ = {isa = PBXFileReference; lastKnownFileType = image.jpeg; path = woodburn.jpg; sourceTree = "<group>"; };
		44EB63561A97C02F00B24465 /* PRTTableViewController.swift */ = {isa = PBXFileReference; fileEncoding = 4; lastKnownFileType = sourcecode.swift; name = PRTTableViewController.swift; path = DrawerController/PRTTableViewController.swift; sourceTree = "<group>"; };
		44FCDBED1A9915150091050A /* DiningHallVC.swift */ = {isa = PBXFileReference; fileEncoding = 4; lastKnownFileType = sourcecode.swift; path = DiningHallVC.swift; sourceTree = "<group>"; };
		9C534C431A79808600B2335F /* WVU Mobile.app */ = {isa = PBXFileReference; explicitFileType = wrapper.application; includeInIndex = 0; path = "WVU Mobile.app"; sourceTree = BUILT_PRODUCTS_DIR; };
		9C534C471A79808600B2335F /* Info.plist */ = {isa = PBXFileReference; lastKnownFileType = text.plist.xml; path = Info.plist; sourceTree = "<group>"; };
		9C534C481A79808600B2335F /* AppDelegate.swift */ = {isa = PBXFileReference; lastKnownFileType = sourcecode.swift; path = AppDelegate.swift; sourceTree = "<group>"; };
		9C534C4D1A79808600B2335F /* HomeViewController.swift */ = {isa = PBXFileReference; lastKnownFileType = sourcecode.swift; path = HomeViewController.swift; sourceTree = "<group>"; };
		9C534C501A79808600B2335F /* Base */ = {isa = PBXFileReference; lastKnownFileType = file.storyboard; name = Base; path = Base.lproj/Main.storyboard; sourceTree = "<group>"; };
		9C534C521A79808600B2335F /* Images.xcassets */ = {isa = PBXFileReference; lastKnownFileType = folder.assetcatalog; path = Images.xcassets; sourceTree = "<group>"; };
		9C534C551A79808600B2335F /* Base */ = {isa = PBXFileReference; lastKnownFileType = file.xib; name = Base; path = Base.lproj/LaunchScreen.xib; sourceTree = "<group>"; };
		9C534C5B1A79808600B2335F /* WVU MobileTests.xctest */ = {isa = PBXFileReference; explicitFileType = wrapper.cfbundle; includeInIndex = 0; path = "WVU MobileTests.xctest"; sourceTree = BUILT_PRODUCTS_DIR; };
		9C534C601A79808600B2335F /* Info.plist */ = {isa = PBXFileReference; lastKnownFileType = text.plist.xml; path = Info.plist; sourceTree = "<group>"; };
		9C534C611A79808600B2335F /* WVU_MobileTests.swift */ = {isa = PBXFileReference; lastKnownFileType = sourcecode.swift; path = WVU_MobileTests.swift; sourceTree = "<group>"; };
		9C534C6C1A79876500B2335F /* Hamburger.swift */ = {isa = PBXFileReference; fileEncoding = 4; lastKnownFileType = sourcecode.swift; path = Hamburger.swift; sourceTree = "<group>"; };
		9C534C6D1A79876500B2335F /* DrawerBarButtonItem.swift */ = {isa = PBXFileReference; fileEncoding = 4; lastKnownFileType = sourcecode.swift; path = DrawerBarButtonItem.swift; sourceTree = "<group>"; };
		9C534C6E1A79876500B2335F /* DrawerController.swift */ = {isa = PBXFileReference; fileEncoding = 4; lastKnownFileType = sourcecode.swift; path = DrawerController.swift; sourceTree = "<group>"; };
		9C534C6F1A79876500B2335F /* DrawerVisualState.swift */ = {isa = PBXFileReference; fileEncoding = 4; lastKnownFileType = sourcecode.swift; path = DrawerVisualState.swift; sourceTree = "<group>"; };
/* End PBXFileReference section */

/* Begin PBXFrameworksBuildPhase section */
		9C534C401A79808600B2335F /* Frameworks */ = {
			isa = PBXFrameworksBuildPhase;
			buildActionMask = 2147483647;
			files = (
			);
			runOnlyForDeploymentPostprocessing = 0;
		};
		9C534C581A79808600B2335F /* Frameworks */ = {
			isa = PBXFrameworksBuildPhase;
			buildActionMask = 2147483647;
			files = (
			);
			runOnlyForDeploymentPostprocessing = 0;
		};
/* End PBXFrameworksBuildPhase section */

/* Begin PBXGroup section */
		4406FE1D1AA75F0700CB21C6 /* PRT */ = {
			isa = PBXGroup;
			children = (
				444618371A8AEC14004BDF55 /* PRTJSON.swift */,
				44EB63561A97C02F00B24465 /* PRTTableViewController.swift */,
			);
			name = PRT;
			sourceTree = "<group>";
		};
		440AF2A21AA69B81006C30D4 /* News */ = {
			isa = PBXGroup;
			children = (
				447D9E561A8324970070C240 /* NewsViewController.swift */,
				440AF29E1AA69A73006C30D4 /* FeedPageViewController.swift */,
				440AF29C1AA699EB006C30D4 /* NewFeedViewController.swift */,
				440AF2A01AA69A92006C30D4 /* FeedWebPageViewController.swift */,
			);
			name = News;
			path = DrawerController;
			sourceTree = "<group>";
		};
		441F2FAE1A9FA75000974A15 /* Dining */ = {
			isa = PBXGroup;
			children = (
				4411615A1A968A7D0034D101 /* DiningJSON.swift */,
				447D9E481A831A0F0070C240 /* DiningViewController.swift */,
				44FCDBED1A9915150091050A /* DiningHallVC.swift */,
				441F2FAF1A9FA79A00974A15 /* CafeEvansdaleVC.swift */,
				441F2FB11A9FA7C200974A15 /* SummitCafeVC.swift */,
				441F2FB31A9FA7D100974A15 /* ArnoldsDinerVC.swift */,
				441F2FB51A9FA7E000974A15 /* BoremanBistroVC.swift */,
				441F2FB71A9FA7F500974A15 /* TerraceRoomVC.swift */,
				441F2FB91A9FA7FF00974A15 /* HatfieldsVC.swift */,
			);
			name = Dining;
			path = DrawerController;
			sourceTree = "<group>";
		};
		443054FD1AAE0176002419EC /* Events */ = {
			isa = PBXGroup;
			children = (
				447D9E541A8323A20070C240 /* EventsViewController.swift */,
				4497F3871AB2705A005C2742 /* EventPageVC.swift */,
				443054FE1AAE0562002419EC /* EventObject.swift */,
				443055011AAE0925002419EC /* Events.swift */,
				4458436E1AB2156600193073 /* EventDateSelector.swift */,
			);
			name = Events;
			sourceTree = "<group>";
		};
		44879CD61A7D60FE00A30EDF /* View Controllers */ = {
			isa = PBXGroup;
			children = (
				44879CD31A7D609A00A30EDF /* ViewController.swift */,
				44033CE01A7C3C9B0007C0CE /* MenuViewController.swift */,
				447D9E4A1A8320E10070C240 /* CenterViewController.swift */,
				447D9E4E1A8323530070C240 /* BusesViewController.swift */,
				447D9E521A8323870070C240 /* MapsViewController.swift */,
				447D9E501A83237F0070C240 /* SportsViewController.swift */,
			);
			name = "View Controllers";
			path = DrawerController;
			sourceTree = "<group>";
		};
		44C6CAEE1AAB5B4B00591766 /* Home */ = {
			isa = PBXGroup;
			children = (
				9C534C4D1A79808600B2335F /* HomeViewController.swift */,
			);
			name = Home;
			sourceTree = "<group>";
		};
		9C534C3A1A79808600B2335F = {
			isa = PBXGroup;
			children = (
				9C534C451A79808600B2335F /* WVU Mobile */,
				9C534C5E1A79808600B2335F /* WVU MobileTests */,
				9C534C441A79808600B2335F /* Products */,
			);
			sourceTree = "<group>";
		};
		9C534C441A79808600B2335F /* Products */ = {
			isa = PBXGroup;
			children = (
				9C534C431A79808600B2335F /* WVU Mobile.app */,
				9C534C5B1A79808600B2335F /* WVU MobileTests.xctest */,
			);
			name = Products;
			sourceTree = "<group>";
		};
		9C534C451A79808600B2335F /* WVU Mobile */ = {
			isa = PBXGroup;
			children = (
				9C534C6B1A79876500B2335F /* DrawerController */,
				9C534C481A79808600B2335F /* AppDelegate.swift */,
				4445A05B1A82C4DE00D5C97B /* UIColors.swift */,
				440AF29A1AA69753006C30D4 /* RSSParser.swift */,
				44C6CAEE1AAB5B4B00591766 /* Home */,
				4406FE1D1AA75F0700CB21C6 /* PRT */,
				441F2FAE1A9FA75000974A15 /* Dining */,
				440AF2A21AA69B81006C30D4 /* News */,
				443054FD1AAE0176002419EC /* Events */,
				44879CD61A7D60FE00A30EDF /* View Controllers */,
				9C534C461A79808600B2335F /* Supporting Files */,
			);
			path = "WVU Mobile";
			sourceTree = "<group>";
		};
		9C534C461A79808600B2335F /* Supporting Files */ = {
			isa = PBXGroup;
			children = (
				44C6CAF11AAB5CAA00591766 /* woodburn.jpg */,
				443AA7131A964DE6008C99C2 /* yield.png */,
				442868B81A965A6900B59686 /* stop.png */,
				443AA7111A96459C008C99C2 /* check.png */,
				4446183B1A8AF6DC004BDF55 /* evansdale.jpg */,
				444618391A8AF36F004BDF55 /* boreman.jpg */,
				9C534C521A79808600B2335F /* Images.xcassets */,
				9C534C4F1A79808600B2335F /* Main.storyboard */,
				444618351A8AE159004BDF55 /* launch.jpg */,
				9C534C541A79808600B2335F /* LaunchScreen.xib */,
				9C534C471A79808600B2335F /* Info.plist */,
			);
			name = "Supporting Files";
			sourceTree = "<group>";
		};
		9C534C5E1A79808600B2335F /* WVU MobileTests */ = {
			isa = PBXGroup;
			children = (
				9C534C611A79808600B2335F /* WVU_MobileTests.swift */,
				9C534C5F1A79808600B2335F /* Supporting Files */,
			);
			path = "WVU MobileTests";
			sourceTree = "<group>";
		};
		9C534C5F1A79808600B2335F /* Supporting Files */ = {
			isa = PBXGroup;
			children = (
				9C534C601A79808600B2335F /* Info.plist */,
			);
			name = "Supporting Files";
			sourceTree = "<group>";
		};
		9C534C6B1A79876500B2335F /* DrawerController */ = {
			isa = PBXGroup;
			children = (
				9C534C6C1A79876500B2335F /* Hamburger.swift */,
				9C534C6D1A79876500B2335F /* DrawerBarButtonItem.swift */,
				9C534C6E1A79876500B2335F /* DrawerController.swift */,
				9C534C6F1A79876500B2335F /* DrawerVisualState.swift */,
			);
			path = DrawerController;
			sourceTree = "<group>";
		};
/* End PBXGroup section */

/* Begin PBXNativeTarget section */
		9C534C421A79808600B2335F /* WVU Mobile */ = {
			isa = PBXNativeTarget;
			buildConfigurationList = 9C534C651A79808600B2335F /* Build configuration list for PBXNativeTarget "WVU Mobile" */;
			buildPhases = (
				9C534C3F1A79808600B2335F /* Sources */,
				9C534C401A79808600B2335F /* Frameworks */,
				9C534C411A79808600B2335F /* Resources */,
			);
			buildRules = (
			);
			dependencies = (
			);
			name = "WVU Mobile";
			productName = "WVU Mobile";
			productReference = 9C534C431A79808600B2335F /* WVU Mobile.app */;
			productType = "com.apple.product-type.application";
		};
		9C534C5A1A79808600B2335F /* WVU MobileTests */ = {
			isa = PBXNativeTarget;
			buildConfigurationList = 9C534C681A79808600B2335F /* Build configuration list for PBXNativeTarget "WVU MobileTests" */;
			buildPhases = (
				9C534C571A79808600B2335F /* Sources */,
				9C534C581A79808600B2335F /* Frameworks */,
				9C534C591A79808600B2335F /* Resources */,
			);
			buildRules = (
			);
			dependencies = (
				9C534C5D1A79808600B2335F /* PBXTargetDependency */,
			);
			name = "WVU MobileTests";
			productName = "WVU MobileTests";
			productReference = 9C534C5B1A79808600B2335F /* WVU MobileTests.xctest */;
			productType = "com.apple.product-type.bundle.unit-test";
		};
/* End PBXNativeTarget section */

/* Begin PBXProject section */
		9C534C3B1A79808600B2335F /* Project object */ = {
			isa = PBXProject;
			attributes = {
				LastUpgradeCheck = 0610;
				ORGANIZATIONNAME = WVUMobile;
				TargetAttributes = {
					9C534C421A79808600B2335F = {
						CreatedOnToolsVersion = 6.1.1;
						DevelopmentTeam = 4P5LM6HTJ7;
						SystemCapabilities = {
							com.apple.BackgroundModes = {
								enabled = 1;
							};
						};
					};
					9C534C5A1A79808600B2335F = {
						CreatedOnToolsVersion = 6.1.1;
						TestTargetID = 9C534C421A79808600B2335F;
					};
				};
			};
			buildConfigurationList = 9C534C3E1A79808600B2335F /* Build configuration list for PBXProject "WVU Mobile" */;
			compatibilityVersion = "Xcode 3.2";
			developmentRegion = English;
			hasScannedForEncodings = 0;
			knownRegions = (
				en,
				Base,
			);
			mainGroup = 9C534C3A1A79808600B2335F;
			productRefGroup = 9C534C441A79808600B2335F /* Products */;
			projectDirPath = "";
			projectRoot = "";
			targets = (
				9C534C421A79808600B2335F /* WVU Mobile */,
				9C534C5A1A79808600B2335F /* WVU MobileTests */,
			);
		};
/* End PBXProject section */

/* Begin PBXResourcesBuildPhase section */
		9C534C411A79808600B2335F /* Resources */ = {
			isa = PBXResourcesBuildPhase;
			buildActionMask = 2147483647;
			files = (
				443AA7121A96459C008C99C2 /* check.png in Resources */,
				4446183C1A8AF6DC004BDF55 /* evansdale.jpg in Resources */,
				444618361A8AE159004BDF55 /* launch.jpg in Resources */,
				9C534C511A79808600B2335F /* Main.storyboard in Resources */,
				9C534C561A79808600B2335F /* LaunchScreen.xib in Resources */,
				442868B91A965A6900B59686 /* stop.png in Resources */,
				44C6CAF21AAB5CAA00591766 /* woodburn.jpg in Resources */,
				443AA7141A964DE6008C99C2 /* yield.png in Resources */,
				9C534C531A79808600B2335F /* Images.xcassets in Resources */,
				4446183A1A8AF36F004BDF55 /* boreman.jpg in Resources */,
			);
			runOnlyForDeploymentPostprocessing = 0;
		};
		9C534C591A79808600B2335F /* Resources */ = {
			isa = PBXResourcesBuildPhase;
			buildActionMask = 2147483647;
			files = (
			);
			runOnlyForDeploymentPostprocessing = 0;
		};
/* End PBXResourcesBuildPhase section */

/* Begin PBXSourcesBuildPhase section */
		9C534C3F1A79808600B2335F /* Sources */ = {
			isa = PBXSourcesBuildPhase;
			buildActionMask = 2147483647;
			files = (
				447D9E531A8323870070C240 /* MapsViewController.swift in Sources */,
				9C534C4E1A79808600B2335F /* HomeViewController.swift in Sources */,
				9C534C721A79876500B2335F /* DrawerController.swift in Sources */,
				441F2FBA1A9FA7FF00974A15 /* HatfieldsVC.swift in Sources */,
				44879CD41A7D609A00A30EDF /* ViewController.swift in Sources */,
				4458436F1AB2156600193073 /* EventDateSelector.swift in Sources */,
				440AF29F1AA69A73006C30D4 /* FeedPageViewController.swift in Sources */,
				9C534C731A79876500B2335F /* DrawerVisualState.swift in Sources */,
				4497F3881AB2705A005C2742 /* EventPageVC.swift in Sources */,
				441F2FB41A9FA7D100974A15 /* ArnoldsDinerVC.swift in Sources */,
				447D9E511A83237F0070C240 /* SportsViewController.swift in Sources */,
				44EB63571A97C02F00B24465 /* PRTTableViewController.swift in Sources */,
				9C534C491A79808600B2335F /* AppDelegate.swift in Sources */,
				447D9E491A831A0F0070C240 /* DiningViewController.swift in Sources */,
				443054FF1AAE0562002419EC /* EventObject.swift in Sources */,
				447D9E551A8323A20070C240 /* EventsViewController.swift in Sources */,
				440AF29B1AA69753006C30D4 /* RSSParser.swift in Sources */,
				9C534C711A79876500B2335F /* DrawerBarButtonItem.swift in Sources */,
				440AF2A11AA69A92006C30D4 /* FeedWebPageViewController.swift in Sources */,
				44FCDBEE1A9915150091050A /* DiningHallVC.swift in Sources */,
				447D9E4F1A8323530070C240 /* BusesViewController.swift in Sources */,
				444618381A8AEC14004BDF55 /* PRTJSON.swift in Sources */,
				4411615B1A968A7D0034D101 /* DiningJSON.swift in Sources */,
				447D9E571A8324970070C240 /* NewsViewController.swift in Sources */,
				9C534C701A79876500B2335F /* Hamburger.swift in Sources */,
				447D9E4B1A8320E10070C240 /* CenterViewController.swift in Sources */,
				441F2FB61A9FA7E000974A15 /* BoremanBistroVC.swift in Sources */,
				44033CE11A7C3C9B0007C0CE /* MenuViewController.swift in Sources */,
				4445A05C1A82C4DE00D5C97B /* UIColors.swift in Sources */,
				441F2FB01A9FA79A00974A15 /* CafeEvansdaleVC.swift in Sources */,
				443055021AAE0925002419EC /* Events.swift in Sources */,
				441F2FB81A9FA7F500974A15 /* TerraceRoomVC.swift in Sources */,
				440AF29D1AA699EB006C30D4 /* NewFeedViewController.swift in Sources */,
				441F2FB21A9FA7C200974A15 /* SummitCafeVC.swift in Sources */,
			);
			runOnlyForDeploymentPostprocessing = 0;
		};
		9C534C571A79808600B2335F /* Sources */ = {
			isa = PBXSourcesBuildPhase;
			buildActionMask = 2147483647;
			files = (
				9C534C621A79808600B2335F /* WVU_MobileTests.swift in Sources */,
			);
			runOnlyForDeploymentPostprocessing = 0;
		};
/* End PBXSourcesBuildPhase section */

/* Begin PBXTargetDependency section */
		9C534C5D1A79808600B2335F /* PBXTargetDependency */ = {
			isa = PBXTargetDependency;
			target = 9C534C421A79808600B2335F /* WVU Mobile */;
			targetProxy = 9C534C5C1A79808600B2335F /* PBXContainerItemProxy */;
		};
/* End PBXTargetDependency section */

/* Begin PBXVariantGroup section */
		9C534C4F1A79808600B2335F /* Main.storyboard */ = {
			isa = PBXVariantGroup;
			children = (
				9C534C501A79808600B2335F /* Base */,
			);
			name = Main.storyboard;
			sourceTree = "<group>";
		};
		9C534C541A79808600B2335F /* LaunchScreen.xib */ = {
			isa = PBXVariantGroup;
			children = (
				9C534C551A79808600B2335F /* Base */,
			);
			name = LaunchScreen.xib;
			sourceTree = "<group>";
		};
/* End PBXVariantGroup section */

/* Begin XCBuildConfiguration section */
		9C534C631A79808600B2335F /* Debug */ = {
			isa = XCBuildConfiguration;
			buildSettings = {
				ALWAYS_SEARCH_USER_PATHS = NO;
				CLANG_CXX_LANGUAGE_STANDARD = "gnu++0x";
				CLANG_CXX_LIBRARY = "libc++";
				CLANG_ENABLE_MODULES = YES;
				CLANG_ENABLE_OBJC_ARC = YES;
				CLANG_WARN_BOOL_CONVERSION = YES;
				CLANG_WARN_CONSTANT_CONVERSION = YES;
				CLANG_WARN_DIRECT_OBJC_ISA_USAGE = YES_ERROR;
				CLANG_WARN_EMPTY_BODY = YES;
				CLANG_WARN_ENUM_CONVERSION = YES;
				CLANG_WARN_INT_CONVERSION = YES;
				CLANG_WARN_OBJC_ROOT_CLASS = YES_ERROR;
				CLANG_WARN_UNREACHABLE_CODE = YES;
				CLANG_WARN__DUPLICATE_METHOD_MATCH = YES;
				CODE_SIGN_IDENTITY = "iPhone Developer: Kaitlyn Landmesser (U9LEH7T7NL)";
				"CODE_SIGN_IDENTITY[sdk=iphoneos*]" = "iPhone Developer: Kaitlyn Landmesser (U9LEH7T7NL)";
				COPY_PHASE_STRIP = NO;
				ENABLE_STRICT_OBJC_MSGSEND = YES;
				GCC_C_LANGUAGE_STANDARD = gnu99;
				GCC_DYNAMIC_NO_PIC = NO;
				GCC_OPTIMIZATION_LEVEL = 0;
				GCC_PREPROCESSOR_DEFINITIONS = (
					"DEBUG=1",
					"$(inherited)",
				);
				GCC_SYMBOLS_PRIVATE_EXTERN = NO;
				GCC_WARN_64_TO_32_BIT_CONVERSION = YES;
				GCC_WARN_ABOUT_RETURN_TYPE = YES_ERROR;
				GCC_WARN_UNDECLARED_SELECTOR = YES;
				GCC_WARN_UNINITIALIZED_AUTOS = YES_AGGRESSIVE;
				GCC_WARN_UNUSED_FUNCTION = YES;
				GCC_WARN_UNUSED_VARIABLE = YES;
				IPHONEOS_DEPLOYMENT_TARGET = 8.1;
				MTL_ENABLE_DEBUG_INFO = YES;
				ONLY_ACTIVE_ARCH = YES;
				PROVISIONING_PROFILE = "";
				SDKROOT = iphoneos;
				SWIFT_OPTIMIZATION_LEVEL = "-Onone";
				TARGETED_DEVICE_FAMILY = "1,2";
			};
			name = Debug;
		};
		9C534C641A79808600B2335F /* Release */ = {
			isa = XCBuildConfiguration;
			buildSettings = {
				ALWAYS_SEARCH_USER_PATHS = NO;
				CLANG_CXX_LANGUAGE_STANDARD = "gnu++0x";
				CLANG_CXX_LIBRARY = "libc++";
				CLANG_ENABLE_MODULES = YES;
				CLANG_ENABLE_OBJC_ARC = YES;
				CLANG_WARN_BOOL_CONVERSION = YES;
				CLANG_WARN_CONSTANT_CONVERSION = YES;
				CLANG_WARN_DIRECT_OBJC_ISA_USAGE = YES_ERROR;
				CLANG_WARN_EMPTY_BODY = YES;
				CLANG_WARN_ENUM_CONVERSION = YES;
				CLANG_WARN_INT_CONVERSION = YES;
				CLANG_WARN_OBJC_ROOT_CLASS = YES_ERROR;
				CLANG_WARN_UNREACHABLE_CODE = YES;
				CLANG_WARN__DUPLICATE_METHOD_MATCH = YES;
				CODE_SIGN_IDENTITY = "iPhone Developer: Kaitlyn Landmesser (U9LEH7T7NL)";
				"CODE_SIGN_IDENTITY[sdk=iphoneos*]" = "iPhone Developer: Kaitlyn Landmesser (U9LEH7T7NL)";
				COPY_PHASE_STRIP = YES;
				ENABLE_NS_ASSERTIONS = NO;
				ENABLE_STRICT_OBJC_MSGSEND = YES;
				GCC_C_LANGUAGE_STANDARD = gnu99;
				GCC_WARN_64_TO_32_BIT_CONVERSION = YES;
				GCC_WARN_ABOUT_RETURN_TYPE = YES_ERROR;
				GCC_WARN_UNDECLARED_SELECTOR = YES;
				GCC_WARN_UNINITIALIZED_AUTOS = YES_AGGRESSIVE;
				GCC_WARN_UNUSED_FUNCTION = YES;
				GCC_WARN_UNUSED_VARIABLE = YES;
				IPHONEOS_DEPLOYMENT_TARGET = 8.1;
				MTL_ENABLE_DEBUG_INFO = NO;
				PROVISIONING_PROFILE = "";
				SDKROOT = iphoneos;
				TARGETED_DEVICE_FAMILY = "1,2";
				VALIDATE_PRODUCT = YES;
			};
			name = Release;
		};
		9C534C661A79808600B2335F /* Debug */ = {
			isa = XCBuildConfiguration;
			buildSettings = {
				ASSETCATALOG_COMPILER_APPICON_NAME = AppIcon;
				CLANG_ENABLE_MODULES = YES;
				CODE_SIGN_IDENTITY = "iPhone Developer";
				"CODE_SIGN_IDENTITY[sdk=iphoneos*]" = "iPhone Developer";
				FRAMEWORK_SEARCH_PATHS = (
					"$(inherited)",
					"/Users/Kate/Downloads/parse-starter-project-1/ParseSwiftStarterProject",
					"$(PROJECT_DIR)/WVU",
					Mobile,
					"$(PROJECT_DIR)/WVU",
					Mobile,
				);
				INFOPLIST_FILE = "WVU Mobile/Info.plist";
				IPHONEOS_DEPLOYMENT_TARGET = 8.0;
				LD_RUNPATH_SEARCH_PATHS = "$(inherited) @executable_path/Frameworks";
				PRODUCT_NAME = "$(TARGET_NAME)";
				PROVISIONING_PROFILE = "";
				SWIFT_OPTIMIZATION_LEVEL = "-Onone";
				TARGETED_DEVICE_FAMILY = 1;
			};
			name = Debug;
		};
		9C534C671A79808600B2335F /* Release */ = {
			isa = XCBuildConfiguration;
			buildSettings = {
				ASSETCATALOG_COMPILER_APPICON_NAME = AppIcon;
				CLANG_ENABLE_MODULES = YES;
				CODE_SIGN_IDENTITY = "iPhone Developer";
				"CODE_SIGN_IDENTITY[sdk=iphoneos*]" = "iPhone Developer";
				FRAMEWORK_SEARCH_PATHS = (
					"$(inherited)",
					"/Users/Kate/Downloads/parse-starter-project-1/ParseSwiftStarterProject",
					"$(PROJECT_DIR)/WVU",
					Mobile,
					"$(PROJECT_DIR)/WVU",
					Mobile,
				);
				INFOPLIST_FILE = "WVU Mobile/Info.plist";
				IPHONEOS_DEPLOYMENT_TARGET = 8.0;
				LD_RUNPATH_SEARCH_PATHS = "$(inherited) @executable_path/Frameworks";
				PRODUCT_NAME = "$(TARGET_NAME)";
				PROVISIONING_PROFILE = "";
				TARGETED_DEVICE_FAMILY = 1;
			};
			name = Release;
		};
		9C534C691A79808600B2335F /* Debug */ = {
			isa = XCBuildConfiguration;
			buildSettings = {
				BUNDLE_LOADER = "$(TEST_HOST)";
				CODE_SIGN_IDENTITY = "iPhone Developer";
				FRAMEWORK_SEARCH_PATHS = (
					"$(SDKROOT)/Developer/Library/Frameworks",
					"$(inherited)",
				);
				GCC_PREPROCESSOR_DEFINITIONS = (
					"DEBUG=1",
					"$(inherited)",
				);
				INFOPLIST_FILE = "WVU MobileTests/Info.plist";
				LD_RUNPATH_SEARCH_PATHS = "$(inherited) @executable_path/Frameworks @loader_path/Frameworks";
				PRODUCT_NAME = "$(TARGET_NAME)";
				TEST_HOST = "$(BUILT_PRODUCTS_DIR)/WVU Mobile.app/WVU Mobile";
			};
			name = Debug;
		};
		9C534C6A1A79808600B2335F /* Release */ = {
			isa = XCBuildConfiguration;
			buildSettings = {
				BUNDLE_LOADER = "$(TEST_HOST)";
				CODE_SIGN_IDENTITY = "iPhone Developer";
				FRAMEWORK_SEARCH_PATHS = (
					"$(SDKROOT)/Developer/Library/Frameworks",
					"$(inherited)",
				);
				INFOPLIST_FILE = "WVU MobileTests/Info.plist";
				LD_RUNPATH_SEARCH_PATHS = "$(inherited) @executable_path/Frameworks @loader_path/Frameworks";
				PRODUCT_NAME = "$(TARGET_NAME)";
				TEST_HOST = "$(BUILT_PRODUCTS_DIR)/WVU Mobile.app/WVU Mobile";
			};
			name = Release;
		};
/* End XCBuildConfiguration section */

/* Begin XCConfigurationList section */
		9C534C3E1A79808600B2335F /* Build configuration list for PBXProject "WVU Mobile" */ = {
			isa = XCConfigurationList;
			buildConfigurations = (
				9C534C631A79808600B2335F /* Debug */,
				9C534C641A79808600B2335F /* Release */,
			);
			defaultConfigurationIsVisible = 0;
			defaultConfigurationName = Release;
		};
		9C534C651A79808600B2335F /* Build configuration list for PBXNativeTarget "WVU Mobile" */ = {
			isa = XCConfigurationList;
			buildConfigurations = (
				9C534C661A79808600B2335F /* Debug */,
				9C534C671A79808600B2335F /* Release */,
			);
			defaultConfigurationIsVisible = 0;
			defaultConfigurationName = Release;
		};
		9C534C681A79808600B2335F /* Build configuration list for PBXNativeTarget "WVU MobileTests" */ = {
			isa = XCConfigurationList;
			buildConfigurations = (
				9C534C691A79808600B2335F /* Debug */,
				9C534C6A1A79808600B2335F /* Release */,
			);
			defaultConfigurationIsVisible = 0;
			defaultConfigurationName = Release;
		};
/* End XCConfigurationList section */
	};
	rootObject = 9C534C3B1A79808600B2335F /* Project object */;
}
